
Microsoft Visual Studio Solution File, Format Version 12.00
# Visual Studio Version 16
VisualStudioVersion = 16.0.29709.97
MinimumVisualStudioVersion = 10.0.40219.1
Project("{FAE04EC0-301F-11D3-BF4B-00C04F79EFBC}") = "NumberGuesser", "NumberGuesser.csproj", "{B78EF60C-F2A8-4724-A0E6-212AD0E1DC76}"
EndProject
Global
	GlobalSection(SolutionConfigurationPlatforms) = preSolution
		Debug|Any CPU = Debug|Any CPU
		Release|Any CPU = Release|Any CPU
	EndGlobalSection
	GlobalSection(ProjectConfigurationPlatforms) = postSolution
		{B78EF60C-F2A8-4724-A0E6-212AD0E1DC76}.Debug|Any CPU.ActiveCfg = Debug|Any CPU
		{B78EF60C-F2A8-4724-A0E6-212AD0E1DC76}.Debug|Any CPU.Build.0 = Debug|Any CPU
		{B78EF60C-F2A8-4724-A0E6-212AD0E1DC76}.Release|Any CPU.ActiveCfg = Release|Any CPU
		{B78EF60C-F2A8-4724-A0E6-212AD0E1DC76}.Release|Any CPU.Build.0 = Release|Any CPU
	EndGlobalSection
	GlobalSection(SolutionProperties) = preSolution
		HideSolutionNode = FALSE
	EndGlobalSection
	GlobalSection(ExtensibilityGlobals) = postSolution
		SolutionGuid = {250783F6-28BF-4341-819D-6F76984027C5}
	EndGlobalSection
EndGlobal
